
Microsoft Visual Studio Solution File, Format Version 12.00
# Visual Studio Version 16
VisualStudioVersion = 16.0.31702.278
MinimumVisualStudioVersion = 10.0.40219.1
Project("{FAE04EC0-301F-11D3-BF4B-00C04F79EFBC}") = "MaHoaHamming", "MaHoaHamming\MaHoaHamming.csproj", "{38F46958-F936-47DE-84F0-02359FC4631C}"
EndProject
Global
	GlobalSection(SolutionConfigurationPlatforms) = preSolution
		Debug|Any CPU = Debug|Any CPU
		Release|Any CPU = Release|Any CPU
	EndGlobalSection
	GlobalSection(ProjectConfigurationPlatforms) = postSolution
		{38F46958-F936-47DE-84F0-02359FC4631C}.Debug|Any CPU.ActiveCfg = Debug|Any CPU
		{38F46958-F936-47DE-84F0-02359FC4631C}.Debug|Any CPU.Build.0 = Debug|Any CPU
		{38F46958-F936-47DE-84F0-02359FC4631C}.Release|Any CPU.ActiveCfg = Release|Any CPU
		{38F46958-F936-47DE-84F0-02359FC4631C}.Release|Any CPU.Build.0 = Release|Any CPU
	EndGlobalSection
	GlobalSection(SolutionProperties) = preSolution
		HideSolutionNode = FALSE
	EndGlobalSection
	GlobalSection(ExtensibilityGlobals) = postSolution
		SolutionGuid = {C43D1A7C-D78C-488E-8BF1-4AAFE4BC79A2}
	EndGlobalSection
EndGlobal
